
Microsoft Visual Studio Solution File, Format Version 12.00
# Visual Studio 14
VisualStudioVersion = 14.0.25420.1
MinimumVisualStudioVersion = 10.0.40219.1
Project("{2150E333-8FDC-42A3-9474-1A3956D46DE8}") = "Sample8.1", "Sample8.1", "{68FAC130-AEAA-4B39-BFDE-2DA15F31303C}"
EndProject
Project("{D954291E-2A0B-460D-934E-DC6B0785DB48}") = "Sample8.1.Shared", "Sample8.1\Sample8.1.Shared\Sample8.1.Shared.shproj", "{9F9FF9B8-9A63-4812-80D9-EBB060681D04}"
EndProject
Project("{FAE04EC0-301F-11D3-BF4B-00C04F79EFBC}") = "Sample8.1.Windows", "Sample8.1\Sample8.1.Windows\Sample8.1.Windows.csproj", "{67EE6AC5-132B-4ADD-8642-2D1E06341C9A}"
EndProject
Project("{FAE04EC0-301F-11D3-BF4B-00C04F79EFBC}") = "Sample8.1.WindowsPhone", "Sample8.1\Sample8.1.WindowsPhone\Sample8.1.WindowsPhone.csproj", "{FACA91C3-A5E5-4C92-AD64-F6B17FF85A9E}"
EndProject
Project("{FAE04EC0-301F-11D3-BF4B-00C04F79EFBC}") = "SampleUWP", "SampleUWP\SampleUWP.csproj", "{C7837C03-F4CB-4BB5-B604-4EC977FC24F8}"
EndProject
Project("{FAE04EC0-301F-11D3-BF4B-00C04F79EFBC}") = "StaggeredGridView", "StaggeredGridView\StaggeredGridView.csproj", "{4F9DBA51-1FB3-4A21-953D-AD879A893C3D}"
EndProject
Global
	GlobalSection(SharedMSBuildProjectFiles) = preSolution
		Sample8.1\Sample8.1.Shared\Sample8.1.Shared.projitems*{67ee6ac5-132b-4add-8642-2d1e06341c9a}*SharedItemsImports = 4
		Sample8.1\Sample8.1.Shared\Sample8.1.Shared.projitems*{9f9ff9b8-9a63-4812-80d9-ebb060681d04}*SharedItemsImports = 13
		Sample8.1\Sample8.1.Shared\Sample8.1.Shared.projitems*{faca91c3-a5e5-4c92-ad64-f6b17ff85a9e}*SharedItemsImports = 4
	EndGlobalSection
	GlobalSection(SolutionConfigurationPlatforms) = preSolution
		Debug|Any CPU = Debug|Any CPU
		Debug|ARM = Debug|ARM
		Debug|x64 = Debug|x64
		Debug|x86 = Debug|x86
		Release|Any CPU = Release|Any CPU
		Release|ARM = Release|ARM
		Release|x64 = Release|x64
		Release|x86 = Release|x86
	EndGlobalSection
	GlobalSection(ProjectConfigurationPlatforms) = postSolution
		{67EE6AC5-132B-4ADD-8642-2D1E06341C9A}.Debug|Any CPU.ActiveCfg = Debug|Any CPU
		{67EE6AC5-132B-4ADD-8642-2D1E06341C9A}.Debug|Any CPU.Build.0 = Debug|Any CPU
		{67EE6AC5-132B-4ADD-8642-2D1E06341C9A}.Debug|Any CPU.Deploy.0 = Debug|Any CPU
		{67EE6AC5-132B-4ADD-8642-2D1E06341C9A}.Debug|ARM.ActiveCfg = Debug|ARM
		{67EE6AC5-132B-4ADD-8642-2D1E06341C9A}.Debug|ARM.Build.0 = Debug|ARM
		{67EE6AC5-132B-4ADD-8642-2D1E06341C9A}.Debug|ARM.Deploy.0 = Debug|ARM
		{67EE6AC5-132B-4ADD-8642-2D1E06341C9A}.Debug|x64.ActiveCfg = Debug|x64
		{67EE6AC5-132B-4ADD-8642-2D1E06341C9A}.Debug|x64.Build.0 = Debug|x64
		{67EE6AC5-132B-4ADD-8642-2D1E06341C9A}.Debug|x64.Deploy.0 = Debug|x64
		{67EE6AC5-132B-4ADD-8642-2D1E06341C9A}.Debug|x86.ActiveCfg = Debug|x86
		{67EE6AC5-132B-4ADD-8642-2D1E06341C9A}.Debug|x86.Build.0 = Debug|x86
		{67EE6AC5-132B-4ADD-8642-2D1E06341C9A}.Debug|x86.Deploy.0 = Debug|x86
		{67EE6AC5-132B-4ADD-8642-2D1E06341C9A}.Release|Any CPU.ActiveCfg = Release|Any CPU
		{67EE6AC5-132B-4ADD-8642-2D1E06341C9A}.Release|Any CPU.Build.0 = Release|Any CPU
		{67EE6AC5-132B-4ADD-8642-2D1E06341C9A}.Release|Any CPU.Deploy.0 = Release|Any CPU
		{67EE6AC5-132B-4ADD-8642-2D1E06341C9A}.Release|ARM.ActiveCfg = Release|ARM
		{67EE6AC5-132B-4ADD-8642-2D1E06341C9A}.Release|ARM.Build.0 = Release|ARM
		{67EE6AC5-132B-4ADD-8642-2D1E06341C9A}.Release|ARM.Deploy.0 = Release|ARM
		{67EE6AC5-132B-4ADD-8642-2D1E06341C9A}.Release|x64.ActiveCfg = Release|x64
		{67EE6AC5-132B-4ADD-8642-2D1E06341C9A}.Release|x64.Build.0 = Release|x64
		{67EE6AC5-132B-4ADD-8642-2D1E06341C9A}.Release|x64.Deploy.0 = Release|x64
		{67EE6AC5-132B-4ADD-8642-2D1E06341C9A}.Release|x86.ActiveCfg = Release|x86
		{67EE6AC5-132B-4ADD-8642-2D1E06341C9A}.Release|x86.Build.0 = Release|x86
		{67EE6AC5-132B-4ADD-8642-2D1E06341C9A}.Release|x86.Deploy.0 = Release|x86
		{FACA91C3-A5E5-4C92-AD64-F6B17FF85A9E}.Debug|Any CPU.ActiveCfg = Debug|Any CPU
		{FACA91C3-A5E5-4C92-AD64-F6B17FF85A9E}.Debug|Any CPU.Build.0 = Debug|Any CPU
		{FACA91C3-A5E5-4C92-AD64-F6B17FF85A9E}.Debug|Any CPU.Deploy.0 = Debug|Any CPU
		{FACA91C3-A5E5-4C92-AD64-F6B17FF85A9E}.Debug|ARM.ActiveCfg = Debug|ARM
		{FACA91C3-A5E5-4C92-AD64-F6B17FF85A9E}.Debug|ARM.Build.0 = Debug|ARM
		{FACA91C3-A5E5-4C92-AD64-F6B17FF85A9E}.Debug|ARM.Deploy.0 = Debug|ARM
		{FACA91C3-A5E5-4C92-AD64-F6B17FF85A9E}.Debug|x64.ActiveCfg = Debug|Any CPU
		{FACA91C3-A5E5-4C92-AD64-F6B17FF85A9E}.Debug|x64.Build.0 = Debug|Any CPU
		{FACA91C3-A5E5-4C92-AD64-F6B17FF85A9E}.Debug|x64.Deploy.0 = Debug|Any CPU
		{FACA91C3-A5E5-4C92-AD64-F6B17FF85A9E}.Debug|x86.ActiveCfg = Debug|x86
		{FACA91C3-A5E5-4C92-AD64-F6B17FF85A9E}.Debug|x86.Build.0 = Debug|x86
		{FACA91C3-A5E5-4C92-AD64-F6B17FF85A9E}.Debug|x86.Deploy.0 = Debug|x86
		{FACA91C3-A5E5-4C92-AD64-F6B17FF85A9E}.Release|Any CPU.ActiveCfg = Release|Any CPU
		{FACA91C3-A5E5-4C92-AD64-F6B17FF85A9E}.Release|Any CPU.Build.0 = Release|Any CPU
		{FACA91C3-A5E5-4C92-AD64-F6B17FF85A9E}.Release|Any CPU.Deploy.0 = Release|Any CPU
		{FACA91C3-A5E5-4C92-AD64-F6B17FF85A9E}.Release|ARM.ActiveCfg = Release|ARM
		{FACA91C3-A5E5-4C92-AD64-F6B17FF85A9E}.Release|ARM.Build.0 = Release|ARM
		{FACA91C3-A5E5-4C92-AD64-F6B17FF85A9E}.Release|ARM.Deploy.0 = Release|ARM
		{FACA91C3-A5E5-4C92-AD64-F6B17FF85A9E}.Release|x64.ActiveCfg = Release|Any CPU
		{FACA91C3-A5E5-4C92-AD64-F6B17FF85A9E}.Release|x64.Build.0 = Release|Any CPU
		{FACA91C3-A5E5-4C92-AD64-F6B17FF85A9E}.Release|x64.Deploy.0 = Release|Any CPU
		{FACA91C3-A5E5-4C92-AD64-F6B17FF85A9E}.Release|x86.ActiveCfg = Release|x86
		{FACA91C3-A5E5-4C92-AD64-F6B17FF85A9E}.Release|x86.Build.0 = Release|x86
		{FACA91C3-A5E5-4C92-AD64-F6B17FF85A9E}.Release|x86.Deploy.0 = Release|x86
		{C7837C03-F4CB-4BB5-B604-4EC977FC24F8}.Debug|Any CPU.ActiveCfg = Debug|x86
		{C7837C03-F4CB-4BB5-B604-4EC977FC24F8}.Debug|ARM.ActiveCfg = Debug|ARM
		{C7837C03-F4CB-4BB5-B604-4EC977FC24F8}.Debug|ARM.Build.0 = Debug|ARM
		{C7837C03-F4CB-4BB5-B604-4EC977FC24F8}.Debug|ARM.Deploy.0 = Debug|ARM
		{C7837C03-F4CB-4BB5-B604-4EC977FC24F8}.Debug|x64.ActiveCfg = Debug|x64
		{C7837C03-F4CB-4BB5-B604-4EC977FC24F8}.Debug|x64.Build.0 = Debug|x64
		{C7837C03-F4CB-4BB5-B604-4EC977FC24F8}.Debug|x64.Deploy.0 = Debug|x64
		{C7837C03-F4CB-4BB5-B604-4EC977FC24F8}.Debug|x86.ActiveCfg = Debug|x86
		{C7837C03-F4CB-4BB5-B604-4EC977FC24F8}.Debug|x86.Build.0 = Debug|x86
		{C7837C03-F4CB-4BB5-B604-4EC977FC24F8}.Debug|x86.Deploy.0 = Debug|x86
		{C7837C03-F4CB-4BB5-B604-4EC977FC24F8}.Release|Any CPU.ActiveCfg = Release|x86
		{C7837C03-F4CB-4BB5-B604-4EC977FC24F8}.Release|ARM.ActiveCfg = Release|ARM
		{C7837C03-F4CB-4BB5-B604-4EC977FC24F8}.Release|ARM.Build.0 = Release|ARM
		{C7837C03-F4CB-4BB5-B604-4EC977FC24F8}.Release|ARM.Deploy.0 = Release|ARM
		{C7837C03-F4CB-4BB5-B604-4EC977FC24F8}.Release|x64.ActiveCfg = Release|x64
		{C7837C03-F4CB-4BB5-B604-4EC977FC24F8}.Release|x64.Build.0 = Release|x64
		{C7837C03-F4CB-4BB5-B604-4EC977FC24F8}.Release|x64.Deploy.0 = Release|x64
		{C7837C03-F4CB-4BB5-B604-4EC977FC24F8}.Release|x86.ActiveCfg = Release|x86
		{C7837C03-F4CB-4BB5-B604-4EC977FC24F8}.Release|x86.Build.0 = Release|x86
		{C7837C03-F4CB-4BB5-B604-4EC977FC24F8}.Release|x86.Deploy.0 = Release|x86
		{4F9DBA51-1FB3-4A21-953D-AD879A893C3D}.Debug|Any CPU.ActiveCfg = Debug|Any CPU
		{4F9DBA51-1FB3-4A21-953D-AD879A893C3D}.Debug|Any CPU.Build.0 = Debug|Any CPU
		{4F9DBA51-1FB3-4A21-953D-AD879A893C3D}.Debug|ARM.ActiveCfg = Debug|Any CPU
		{4F9DBA51-1FB3-4A21-953D-AD879A893C3D}.Debug|ARM.Build.0 = Debug|Any CPU
		{4F9DBA51-1FB3-4A21-953D-AD879A893C3D}.Debug|x64.ActiveCfg = Debug|Any CPU
		{4F9DBA51-1FB3-4A21-953D-AD879A893C3D}.Debug|x64.Build.0 = Debug|Any CPU
		{4F9DBA51-1FB3-4A21-953D-AD879A893C3D}.Debug|x86.ActiveCfg = Debug|Any CPU
		{4F9DBA51-1FB3-4A21-953D-AD879A893C3D}.Debug|x86.Build.0 = Debug|Any CPU
		{4F9DBA51-1FB3-4A21-953D-AD879A893C3D}.Release|Any CPU.ActiveCfg = Release|Any CPU
		{4F9DBA51-1FB3-4A21-953D-AD879A893C3D}.Release|Any CPU.Build.0 = Release|Any CPU
		{4F9DBA51-1FB3-4A21-953D-AD879A893C3D}.Release|ARM.ActiveCfg = Release|Any CPU
		{4F9DBA51-1FB3-4A21-953D-AD879A893C3D}.Release|ARM.Build.0 = Release|Any CPU
		{4F9DBA51-1FB3-4A21-953D-AD879A893C3D}.Release|x64.ActiveCfg = Release|Any CPU
		{4F9DBA51-1FB3-4A21-953D-AD879A893C3D}.Release|x64.Build.0 = Release|Any CPU
		{4F9DBA51-1FB3-4A21-953D-AD879A893C3D}.Release|x86.ActiveCfg = Release|Any CPU
		{4F9DBA51-1FB3-4A21-953D-AD879A893C3D}.Release|x86.Build.0 = Release|Any CPU
	EndGlobalSection
	GlobalSection(SolutionProperties) = preSolution
		HideSolutionNode = FALSE
	EndGlobalSection
	GlobalSection(NestedProjects) = preSolution
		{9F9FF9B8-9A63-4812-80D9-EBB060681D04} = {68FAC130-AEAA-4B39-BFDE-2DA15F31303C}
		{67EE6AC5-132B-4ADD-8642-2D1E06341C9A} = {68FAC130-AEAA-4B39-BFDE-2DA15F31303C}
		{FACA91C3-A5E5-4C92-AD64-F6B17FF85A9E} = {68FAC130-AEAA-4B39-BFDE-2DA15F31303C}
	EndGlobalSection
EndGlobal
